
Microsoft Visual Studio Solution File, Format Version 12.00
# Visual Studio Version 17
VisualStudioVersion = 17.10.34928.147
MinimumVisualStudioVersion = 10.0.40219.1
Project("{FAE04EC0-301F-11D3-BF4B-00C04F79EFBC}") = "Stock_Adv", "Stock_Adv.csproj", "{FC4C28F1-2B2E-4F4E-A5DC-E03FF4E9C774}"
EndProject
Global
	GlobalSection(SolutionConfigurationPlatforms) = preSolution
		Debug|Any CPU = Debug|Any CPU
		Release|Any CPU = Release|Any CPU
	EndGlobalSection
	GlobalSection(ProjectConfigurationPlatforms) = postSolution
		{FC4C28F1-2B2E-4F4E-A5DC-E03FF4E9C774}.Debug|Any CPU.ActiveCfg = Debug|Any CPU
		{FC4C28F1-2B2E-4F4E-A5DC-E03FF4E9C774}.Debug|Any CPU.Build.0 = Debug|Any CPU
		{FC4C28F1-2B2E-4F4E-A5DC-E03FF4E9C774}.Release|Any CPU.ActiveCfg = Release|Any CPU
		{FC4C28F1-2B2E-4F4E-A5DC-E03FF4E9C774}.Release|Any CPU.Build.0 = Release|Any CPU
	EndGlobalSection
	GlobalSection(SolutionProperties) = preSolution
		HideSolutionNode = FALSE
	EndGlobalSection
	GlobalSection(ExtensibilityGlobals) = postSolution
		SolutionGuid = {4A605CCA-F59D-4349-A4DC-5235A15514FC}
	EndGlobalSection
EndGlobal
